
Microsoft Visual Studio Solution File, Format Version 12.00
# Visual Studio Version 17
VisualStudioVersion = 17.14.36127.28 d17.14
MinimumVisualStudioVersion = 10.0.40219.1
Project("{FAE04EC0-301F-11D3-BF4B-00C04F79EFBC}") = "TareaPlatzi4", "TareaPlatzi4.csproj", "{943F3A96-154B-4729-BFF3-FC44BA86416B}"
EndProject
Global
	GlobalSection(SolutionConfigurationPlatforms) = preSolution
		Debug|Any CPU = Debug|Any CPU
		Release|Any CPU = Release|Any CPU
	EndGlobalSection
	GlobalSection(ProjectConfigurationPlatforms) = postSolution
		{943F3A96-154B-4729-BFF3-FC44BA86416B}.Debug|Any CPU.ActiveCfg = Debug|Any CPU
		{943F3A96-154B-4729-BFF3-FC44BA86416B}.Debug|Any CPU.Build.0 = Debug|Any CPU
		{943F3A96-154B-4729-BFF3-FC44BA86416B}.Release|Any CPU.ActiveCfg = Release|Any CPU
		{943F3A96-154B-4729-BFF3-FC44BA86416B}.Release|Any CPU.Build.0 = Release|Any CPU
	EndGlobalSection
	GlobalSection(SolutionProperties) = preSolution
		HideSolutionNode = FALSE
	EndGlobalSection
	GlobalSection(ExtensibilityGlobals) = postSolution
		SolutionGuid = {9CE96C5D-D1BB-4199-A572-E1AA29D702CD}
	EndGlobalSection
EndGlobal
